
Microsoft Visual Studio Solution File, Format Version 12.00
# Visual Studio Version 17
VisualStudioVersion = 17.8.34511.84
MinimumVisualStudioVersion = 10.0.40219.1
Project("{FAE04EC0-301F-11D3-BF4B-00C04F79EFBC}") = "TimeTracker", "TimeTracker\TimeTracker.csproj", "{A9DB9D72-2E56-4F3C-B0EB-4F544FE9D505}"
EndProject
Global
	GlobalSection(SolutionConfigurationPlatforms) = preSolution
		Debug|Any CPU = Debug|Any CPU
		Release|Any CPU = Release|Any CPU
	EndGlobalSection
	GlobalSection(ProjectConfigurationPlatforms) = postSolution
		{A9DB9D72-2E56-4F3C-B0EB-4F544FE9D505}.Debug|Any CPU.ActiveCfg = Debug|Any CPU
		{A9DB9D72-2E56-4F3C-B0EB-4F544FE9D505}.Debug|Any CPU.Build.0 = Debug|Any CPU
		{A9DB9D72-2E56-4F3C-B0EB-4F544FE9D505}.Release|Any CPU.ActiveCfg = Release|Any CPU
		{A9DB9D72-2E56-4F3C-B0EB-4F544FE9D505}.Release|Any CPU.Build.0 = Release|Any CPU
	EndGlobalSection
	GlobalSection(SolutionProperties) = preSolution
		HideSolutionNode = FALSE
	EndGlobalSection
	GlobalSection(ExtensibilityGlobals) = postSolution
		SolutionGuid = {B1BCB76D-AF51-4F15-A556-E2924C523577}
	EndGlobalSection
EndGlobal
